
Microsoft Visual Studio Solution File, Format Version 12.00
# Visual Studio Version 16
VisualStudioVersion = 16.0.28315.86
MinimumVisualStudioVersion = 10.0.40219.1
Project("{2150E333-8FDC-42A3-9474-1A3956D46DE8}") = "00Infrastructure", "00Infrastructure", "{CE44CFA1-086A-4509-B882-D90120AE352F}"
EndProject
Project("{2150E333-8FDC-42A3-9474-1A3956D46DE8}") = "01Persistence", "01Persistence", "{B451EA99-0CE2-44A3-B3DA-15F0707BF43E}"
EndProject
Project("{2150E333-8FDC-42A3-9474-1A3956D46DE8}") = "02Domain", "02Domain", "{E3B19A33-96ED-4D33-A113-B224599D614D}"
EndProject
Project("{2150E333-8FDC-42A3-9474-1A3956D46DE8}") = "03Application", "03Application", "{443BBAD0-2BAA-4EDF-9D8D-DF27E4B71BFE}"
EndProject
Project("{2150E333-8FDC-42A3-9474-1A3956D46DE8}") = "04Presentation", "04Presentation", "{7CE19B8E-31B1-4B2A-869E-3FF500388822}"
EndProject
Project("{2150E333-8FDC-42A3-9474-1A3956D46DE8}") = "99Docs", "99Docs", "{17F7DFEB-276B-4B5F-8F44-05532E70A85A}"
EndProject
Project("{2150E333-8FDC-42A3-9474-1A3956D46DE8}") = "98Tests", "98Tests", "{17D5CCD3-B11F-4597-A36E-80807B98B600}"
EndProject
Project("{9A19103F-16F7-4668-BE54-9A1E7A4F7556}") = "TCSOFT.TCGateway", "00Infrastructure\TCSOFT.TCGateway\TCSOFT.TCGateway.csproj", "{389D4AAF-AAE4-4EFD-B820-1E62F7E61C85}"
EndProject
Project("{9A19103F-16F7-4668-BE54-9A1E7A4F7556}") = "TCSOFT.WebCore", "00Infrastructure\TCSOFT.WebCore\TCSOFT.WebCore.csproj", "{2DA6552C-D4F2-41FB-8880-DB240EE27CEE}"
EndProject
Project("{9A19103F-16F7-4668-BE54-9A1E7A4F7556}") = "TCSOFT.Consul", "00Infrastructure\TCSOFT.Consul\TCSOFT.Consul.csproj", "{65A36405-2D9D-4B7C-8D77-B538EB427675}"
EndProject
Project("{9A19103F-16F7-4668-BE54-9A1E7A4F7556}") = "WMSDemoApi", "98Tests\WMSDemoApi\WMSDemoApi.csproj", "{0E56B8BD-E7B2-4B57-99C8-4A1197541C22}"
EndProject
Project("{9A19103F-16F7-4668-BE54-9A1E7A4F7556}") = "TCSOFT.IdentityServer", "00Infrastructure\TCSOFT.IdentityServer\TCSOFT.IdentityServer.csproj", "{9EC4B3AD-9134-4E05-8BC4-AF8E77E2342B}"
EndProject
Project("{9A19103F-16F7-4668-BE54-9A1E7A4F7556}") = "APITests", "98Tests\APITests\APITests.csproj", "{61B728B9-692E-4F93-B771-30C4F2A832A7}"
EndProject
Project("{9A19103F-16F7-4668-BE54-9A1E7A4F7556}") = "TCSOFT.MQHelper", "00Infrastructure\TCSOFT.MQHelper\TCSOFT.MQHelper.csproj", "{75373282-95FE-4894-B227-99FF97A2DB80}"
EndProject
Project("{9A19103F-16F7-4668-BE54-9A1E7A4F7556}") = "TCSOFT.Utils", "00Infrastructure\TCSOFT.Utils\TCSOFT.Utils.csproj", "{5C0C559A-ED0C-4F95-8116-227D33B46A2B}"
EndProject
Project("{9A19103F-16F7-4668-BE54-9A1E7A4F7556}") = "RabbitMQTester", "98Tests\RabbitMQTester\RabbitMQTester.csproj", "{4179DC09-1D65-403F-AAAE-1080C554D332}"
EndProject
Project("{9A19103F-16F7-4668-BE54-9A1E7A4F7556}") = "MQConsumerDemo", "98Tests\MQConsumerDemo\MQConsumerDemo.csproj", "{C4A6376E-EA74-41D2-B324-6B2CFD6BF1AC}"
EndProject
Project("{9A19103F-16F7-4668-BE54-9A1E7A4F7556}") = "TCSOFT.RedisCacheHelper", "00Infrastructure\TCSOFT.RedisCacheHelper\TCSOFT.RedisCacheHelper.csproj", "{48EE6C99-7940-4042-8144-1FD76D44EDA6}"
EndProject
Project("{9A19103F-16F7-4668-BE54-9A1E7A4F7556}") = "RedisCacheHelperTester", "98Tests\RedisCacheHelperTester\RedisCacheHelperTester.csproj", "{D6277C6D-1290-476A-8748-BDE6E96737B2}"
EndProject
Project("{9A19103F-16F7-4668-BE54-9A1E7A4F7556}") = "TCSOFT.ConfigManager", "00Infrastructure\TCSOFT.ConfigManager\TCSOFT.ConfigManager.csproj", "{318CF8E2-0BC6-4773-AA7E-FF2A696A137B}"
EndProject
Project("{9A19103F-16F7-4668-BE54-9A1E7A4F7556}") = "TCSOFT.DBHelper", "00Infrastructure\TCSOFT.DBHelper\TCSOFT.DBHelper.csproj", "{0E59BB13-4ACA-4280-B1C9-A38D26DD7534}"
EndProject
Global
	GlobalSection(SolutionConfigurationPlatforms) = preSolution
		Debug|Any CPU = Debug|Any CPU
		Release|Any CPU = Release|Any CPU
	EndGlobalSection
	GlobalSection(ProjectConfigurationPlatforms) = postSolution
		{389D4AAF-AAE4-4EFD-B820-1E62F7E61C85}.Debug|Any CPU.ActiveCfg = Debug|Any CPU
		{389D4AAF-AAE4-4EFD-B820-1E62F7E61C85}.Debug|Any CPU.Build.0 = Debug|Any CPU
		{389D4AAF-AAE4-4EFD-B820-1E62F7E61C85}.Release|Any CPU.ActiveCfg = Release|Any CPU
		{389D4AAF-AAE4-4EFD-B820-1E62F7E61C85}.Release|Any CPU.Build.0 = Release|Any CPU
		{2DA6552C-D4F2-41FB-8880-DB240EE27CEE}.Debug|Any CPU.ActiveCfg = Debug|Any CPU
		{2DA6552C-D4F2-41FB-8880-DB240EE27CEE}.Debug|Any CPU.Build.0 = Debug|Any CPU
		{2DA6552C-D4F2-41FB-8880-DB240EE27CEE}.Release|Any CPU.ActiveCfg = Release|Any CPU
		{2DA6552C-D4F2-41FB-8880-DB240EE27CEE}.Release|Any CPU.Build.0 = Release|Any CPU
		{65A36405-2D9D-4B7C-8D77-B538EB427675}.Debug|Any CPU.ActiveCfg = Debug|Any CPU
		{65A36405-2D9D-4B7C-8D77-B538EB427675}.Debug|Any CPU.Build.0 = Debug|Any CPU
		{65A36405-2D9D-4B7C-8D77-B538EB427675}.Release|Any CPU.ActiveCfg = Release|Any CPU
		{65A36405-2D9D-4B7C-8D77-B538EB427675}.Release|Any CPU.Build.0 = Release|Any CPU
		{0E56B8BD-E7B2-4B57-99C8-4A1197541C22}.Debug|Any CPU.ActiveCfg = Debug|Any CPU
		{0E56B8BD-E7B2-4B57-99C8-4A1197541C22}.Debug|Any CPU.Build.0 = Debug|Any CPU
		{0E56B8BD-E7B2-4B57-99C8-4A1197541C22}.Release|Any CPU.ActiveCfg = Release|Any CPU
		{0E56B8BD-E7B2-4B57-99C8-4A1197541C22}.Release|Any CPU.Build.0 = Release|Any CPU
		{9EC4B3AD-9134-4E05-8BC4-AF8E77E2342B}.Debug|Any CPU.ActiveCfg = Debug|Any CPU
		{9EC4B3AD-9134-4E05-8BC4-AF8E77E2342B}.Debug|Any CPU.Build.0 = Debug|Any CPU
		{9EC4B3AD-9134-4E05-8BC4-AF8E77E2342B}.Release|Any CPU.ActiveCfg = Release|Any CPU
		{9EC4B3AD-9134-4E05-8BC4-AF8E77E2342B}.Release|Any CPU.Build.0 = Release|Any CPU
		{61B728B9-692E-4F93-B771-30C4F2A832A7}.Debug|Any CPU.ActiveCfg = Debug|Any CPU
		{61B728B9-692E-4F93-B771-30C4F2A832A7}.Debug|Any CPU.Build.0 = Debug|Any CPU
		{61B728B9-692E-4F93-B771-30C4F2A832A7}.Release|Any CPU.ActiveCfg = Release|Any CPU
		{61B728B9-692E-4F93-B771-30C4F2A832A7}.Release|Any CPU.Build.0 = Release|Any CPU
		{75373282-95FE-4894-B227-99FF97A2DB80}.Debug|Any CPU.ActiveCfg = Debug|Any CPU
		{75373282-95FE-4894-B227-99FF97A2DB80}.Debug|Any CPU.Build.0 = Debug|Any CPU
		{75373282-95FE-4894-B227-99FF97A2DB80}.Release|Any CPU.ActiveCfg = Release|Any CPU
		{75373282-95FE-4894-B227-99FF97A2DB80}.Release|Any CPU.Build.0 = Release|Any CPU
		{5C0C559A-ED0C-4F95-8116-227D33B46A2B}.Debug|Any CPU.ActiveCfg = Debug|Any CPU
		{5C0C559A-ED0C-4F95-8116-227D33B46A2B}.Debug|Any CPU.Build.0 = Debug|Any CPU
		{5C0C559A-ED0C-4F95-8116-227D33B46A2B}.Release|Any CPU.ActiveCfg = Release|Any CPU
		{5C0C559A-ED0C-4F95-8116-227D33B46A2B}.Release|Any CPU.Build.0 = Release|Any CPU
		{4179DC09-1D65-403F-AAAE-1080C554D332}.Debug|Any CPU.ActiveCfg = Debug|Any CPU
		{4179DC09-1D65-403F-AAAE-1080C554D332}.Debug|Any CPU.Build.0 = Debug|Any CPU
		{4179DC09-1D65-403F-AAAE-1080C554D332}.Release|Any CPU.ActiveCfg = Release|Any CPU
		{4179DC09-1D65-403F-AAAE-1080C554D332}.Release|Any CPU.Build.0 = Release|Any CPU
		{C4A6376E-EA74-41D2-B324-6B2CFD6BF1AC}.Debug|Any CPU.ActiveCfg = Debug|Any CPU
		{C4A6376E-EA74-41D2-B324-6B2CFD6BF1AC}.Debug|Any CPU.Build.0 = Debug|Any CPU
		{C4A6376E-EA74-41D2-B324-6B2CFD6BF1AC}.Release|Any CPU.ActiveCfg = Release|Any CPU
		{C4A6376E-EA74-41D2-B324-6B2CFD6BF1AC}.Release|Any CPU.Build.0 = Release|Any CPU
		{48EE6C99-7940-4042-8144-1FD76D44EDA6}.Debug|Any CPU.ActiveCfg = Debug|Any CPU
		{48EE6C99-7940-4042-8144-1FD76D44EDA6}.Debug|Any CPU.Build.0 = Debug|Any CPU
		{48EE6C99-7940-4042-8144-1FD76D44EDA6}.Release|Any CPU.ActiveCfg = Release|Any CPU
		{48EE6C99-7940-4042-8144-1FD76D44EDA6}.Release|Any CPU.Build.0 = Release|Any CPU
		{D6277C6D-1290-476A-8748-BDE6E96737B2}.Debug|Any CPU.ActiveCfg = Debug|Any CPU
		{D6277C6D-1290-476A-8748-BDE6E96737B2}.Debug|Any CPU.Build.0 = Debug|Any CPU
		{D6277C6D-1290-476A-8748-BDE6E96737B2}.Release|Any CPU.ActiveCfg = Release|Any CPU
		{D6277C6D-1290-476A-8748-BDE6E96737B2}.Release|Any CPU.Build.0 = Release|Any CPU
		{318CF8E2-0BC6-4773-AA7E-FF2A696A137B}.Debug|Any CPU.ActiveCfg = Debug|Any CPU
		{318CF8E2-0BC6-4773-AA7E-FF2A696A137B}.Debug|Any CPU.Build.0 = Debug|Any CPU
		{318CF8E2-0BC6-4773-AA7E-FF2A696A137B}.Release|Any CPU.ActiveCfg = Release|Any CPU
		{318CF8E2-0BC6-4773-AA7E-FF2A696A137B}.Release|Any CPU.Build.0 = Release|Any CPU
		{0E59BB13-4ACA-4280-B1C9-A38D26DD7534}.Debug|Any CPU.ActiveCfg = Debug|Any CPU
		{0E59BB13-4ACA-4280-B1C9-A38D26DD7534}.Debug|Any CPU.Build.0 = Debug|Any CPU
		{0E59BB13-4ACA-4280-B1C9-A38D26DD7534}.Release|Any CPU.ActiveCfg = Release|Any CPU
		{0E59BB13-4ACA-4280-B1C9-A38D26DD7534}.Release|Any CPU.Build.0 = Release|Any CPU
	EndGlobalSection
	GlobalSection(SolutionProperties) = preSolution
		HideSolutionNode = FALSE
	EndGlobalSection
	GlobalSection(NestedProjects) = preSolution
		{389D4AAF-AAE4-4EFD-B820-1E62F7E61C85} = {CE44CFA1-086A-4509-B882-D90120AE352F}
		{2DA6552C-D4F2-41FB-8880-DB240EE27CEE} = {CE44CFA1-086A-4509-B882-D90120AE352F}
		{65A36405-2D9D-4B7C-8D77-B538EB427675} = {CE44CFA1-086A-4509-B882-D90120AE352F}
		{0E56B8BD-E7B2-4B57-99C8-4A1197541C22} = {17D5CCD3-B11F-4597-A36E-80807B98B600}
		{9EC4B3AD-9134-4E05-8BC4-AF8E77E2342B} = {CE44CFA1-086A-4509-B882-D90120AE352F}
		{61B728B9-692E-4F93-B771-30C4F2A832A7} = {17D5CCD3-B11F-4597-A36E-80807B98B600}
		{75373282-95FE-4894-B227-99FF97A2DB80} = {CE44CFA1-086A-4509-B882-D90120AE352F}
		{5C0C559A-ED0C-4F95-8116-227D33B46A2B} = {CE44CFA1-086A-4509-B882-D90120AE352F}
		{4179DC09-1D65-403F-AAAE-1080C554D332} = {17D5CCD3-B11F-4597-A36E-80807B98B600}
		{C4A6376E-EA74-41D2-B324-6B2CFD6BF1AC} = {17D5CCD3-B11F-4597-A36E-80807B98B600}
		{48EE6C99-7940-4042-8144-1FD76D44EDA6} = {CE44CFA1-086A-4509-B882-D90120AE352F}
		{D6277C6D-1290-476A-8748-BDE6E96737B2} = {17D5CCD3-B11F-4597-A36E-80807B98B600}
		{318CF8E2-0BC6-4773-AA7E-FF2A696A137B} = {CE44CFA1-086A-4509-B882-D90120AE352F}
		{0E59BB13-4ACA-4280-B1C9-A38D26DD7534} = {CE44CFA1-086A-4509-B882-D90120AE352F}
	EndGlobalSection
	GlobalSection(ExtensibilityGlobals) = postSolution
		SolutionGuid = {E14B125F-A4E5-4F8D-A2D9-F4ABFC7A00DB}
	EndGlobalSection
EndGlobal
